
Microsoft Visual Studio Solution File, Format Version 12.00
# Visual Studio Version 17
VisualStudioVersion = 17.13.35825.156 d17.13
MinimumVisualStudioVersion = 10.0.40219.1
Project("{FAE04EC0-301F-11D3-BF4B-00C04F79EFBC}") = "HW2", "HW2.csproj", "{F137E1A9-3B69-45FC-94F2-C3C3BB0009DC}"
EndProject
Global
	GlobalSection(SolutionConfigurationPlatforms) = preSolution
		Debug|Any CPU = Debug|Any CPU
		Release|Any CPU = Release|Any CPU
	EndGlobalSection
	GlobalSection(ProjectConfigurationPlatforms) = postSolution
		{F137E1A9-3B69-45FC-94F2-C3C3BB0009DC}.Debug|Any CPU.ActiveCfg = Debug|Any CPU
		{F137E1A9-3B69-45FC-94F2-C3C3BB0009DC}.Debug|Any CPU.Build.0 = Debug|Any CPU
		{F137E1A9-3B69-45FC-94F2-C3C3BB0009DC}.Release|Any CPU.ActiveCfg = Release|Any CPU
		{F137E1A9-3B69-45FC-94F2-C3C3BB0009DC}.Release|Any CPU.Build.0 = Release|Any CPU
	EndGlobalSection
	GlobalSection(SolutionProperties) = preSolution
		HideSolutionNode = FALSE
	EndGlobalSection
	GlobalSection(ExtensibilityGlobals) = postSolution
		SolutionGuid = {B77C3CAF-F0BC-42B7-8576-58064DE5181D}
	EndGlobalSection
EndGlobal
